
Microsoft Visual Studio Solution File, Format Version 11.00
# Visual Studio 2010
Project("{FAE04EC0-301F-11D3-BF4B-00C04F79EFBC}") = "Stitch", "Stitch\Stitch.csproj", "{7265ABF6-18CE-4D99-B194-A20D11620FD5}"
EndProject
Project("{FAE04EC0-301F-11D3-BF4B-00C04F79EFBC}") = "Stitch.Tests", "Stitch.Tests\Stitch.Tests.csproj", "{BCAE0CE6-2B3A-4F71-B13B-C858E34FA632}"
EndProject
Project("{FAE04EC0-301F-11D3-BF4B-00C04F79EFBC}") = "Stitch.Web", "Stitch.Web\Stitch.Web.csproj", "{57BA28AD-F5B7-482F-83F7-DBCAEE0817CE}"
EndProject
Global
	GlobalSection(SolutionConfigurationPlatforms) = preSolution
		Debug|Any CPU = Debug|Any CPU
		Release|Any CPU = Release|Any CPU
	EndGlobalSection
	GlobalSection(ProjectConfigurationPlatforms) = postSolution
		{7265ABF6-18CE-4D99-B194-A20D11620FD5}.Debug|Any CPU.ActiveCfg = Debug|Any CPU
		{7265ABF6-18CE-4D99-B194-A20D11620FD5}.Debug|Any CPU.Build.0 = Debug|Any CPU
		{7265ABF6-18CE-4D99-B194-A20D11620FD5}.Release|Any CPU.ActiveCfg = Release|Any CPU
		{7265ABF6-18CE-4D99-B194-A20D11620FD5}.Release|Any CPU.Build.0 = Release|Any CPU
		{BCAE0CE6-2B3A-4F71-B13B-C858E34FA632}.Debug|Any CPU.ActiveCfg = Debug|Any CPU
		{BCAE0CE6-2B3A-4F71-B13B-C858E34FA632}.Debug|Any CPU.Build.0 = Debug|Any CPU
		{BCAE0CE6-2B3A-4F71-B13B-C858E34FA632}.Release|Any CPU.ActiveCfg = Release|Any CPU
		{BCAE0CE6-2B3A-4F71-B13B-C858E34FA632}.Release|Any CPU.Build.0 = Release|Any CPU
		{57BA28AD-F5B7-482F-83F7-DBCAEE0817CE}.Debug|Any CPU.ActiveCfg = Debug|Any CPU
		{57BA28AD-F5B7-482F-83F7-DBCAEE0817CE}.Debug|Any CPU.Build.0 = Debug|Any CPU
		{57BA28AD-F5B7-482F-83F7-DBCAEE0817CE}.Release|Any CPU.ActiveCfg = Release|Any CPU
		{57BA28AD-F5B7-482F-83F7-DBCAEE0817CE}.Release|Any CPU.Build.0 = Release|Any CPU
	EndGlobalSection
	GlobalSection(SolutionProperties) = preSolution
		HideSolutionNode = FALSE
	EndGlobalSection
EndGlobal
