
Microsoft Visual Studio Solution File, Format Version 11.00
# Visual Studio 2010
Project("{FAE04EC0-301F-11D3-BF4B-00C04F79EFBC}") = "Stitch.Tests", "Stitch.Tests\Stitch.Tests.csproj", "{BCAE0CE6-2B3A-4F71-B13B-C858E34FA632}"
EndProject
Project("{FAE04EC0-301F-11D3-BF4B-00C04F79EFBC}") = "Stitch.Core", "Stitch.Core\Stitch.Core.csproj", "{E477FDCE-5F05-400E-B2F3-F568896CF2F2}"
EndProject
Project("{FAE04EC0-301F-11D3-BF4B-00C04F79EFBC}") = "Stitch.Tests.Web", "Stitch.Tests.Web\Stitch.Tests.Web.csproj", "{57BA28AD-F5B7-482F-83F7-DBCAEE0817CE}"
EndProject
Project("{FAE04EC0-301F-11D3-BF4B-00C04F79EFBC}") = "Stitch.Web", "Stitch.Web\Stitch.Web.csproj", "{4C897D61-CAE7-457B-B8BA-F50E3976012C}"
EndProject
Project("{FAE04EC0-301F-11D3-BF4B-00C04F79EFBC}") = "Stitch", "Stitch\Stitch.csproj", "{AF9A9F79-1218-474B-A783-01EB29D8B2EE}"
EndProject
Global
	GlobalSection(SolutionConfigurationPlatforms) = preSolution
		Debug|Any CPU = Debug|Any CPU
		Debug|Mixed Platforms = Debug|Mixed Platforms
		Debug|x86 = Debug|x86
		Release|Any CPU = Release|Any CPU
		Release|Mixed Platforms = Release|Mixed Platforms
		Release|x86 = Release|x86
	EndGlobalSection
	GlobalSection(ProjectConfigurationPlatforms) = postSolution
		{BCAE0CE6-2B3A-4F71-B13B-C858E34FA632}.Debug|Any CPU.ActiveCfg = Debug|Any CPU
		{BCAE0CE6-2B3A-4F71-B13B-C858E34FA632}.Debug|Any CPU.Build.0 = Debug|Any CPU
		{BCAE0CE6-2B3A-4F71-B13B-C858E34FA632}.Debug|Mixed Platforms.ActiveCfg = Debug|Any CPU
		{BCAE0CE6-2B3A-4F71-B13B-C858E34FA632}.Debug|Mixed Platforms.Build.0 = Debug|Any CPU
		{BCAE0CE6-2B3A-4F71-B13B-C858E34FA632}.Debug|x86.ActiveCfg = Debug|Any CPU
		{BCAE0CE6-2B3A-4F71-B13B-C858E34FA632}.Release|Any CPU.ActiveCfg = Release|Any CPU
		{BCAE0CE6-2B3A-4F71-B13B-C858E34FA632}.Release|Any CPU.Build.0 = Release|Any CPU
		{BCAE0CE6-2B3A-4F71-B13B-C858E34FA632}.Release|Mixed Platforms.ActiveCfg = Release|Any CPU
		{BCAE0CE6-2B3A-4F71-B13B-C858E34FA632}.Release|Mixed Platforms.Build.0 = Release|Any CPU
		{BCAE0CE6-2B3A-4F71-B13B-C858E34FA632}.Release|x86.ActiveCfg = Release|Any CPU
		{E477FDCE-5F05-400E-B2F3-F568896CF2F2}.Debug|Any CPU.ActiveCfg = Debug|Any CPU
		{E477FDCE-5F05-400E-B2F3-F568896CF2F2}.Debug|Any CPU.Build.0 = Debug|Any CPU
		{E477FDCE-5F05-400E-B2F3-F568896CF2F2}.Debug|Mixed Platforms.ActiveCfg = Debug|Any CPU
		{E477FDCE-5F05-400E-B2F3-F568896CF2F2}.Debug|Mixed Platforms.Build.0 = Debug|Any CPU
		{E477FDCE-5F05-400E-B2F3-F568896CF2F2}.Debug|x86.ActiveCfg = Debug|Any CPU
		{E477FDCE-5F05-400E-B2F3-F568896CF2F2}.Release|Any CPU.ActiveCfg = Release|Any CPU
		{E477FDCE-5F05-400E-B2F3-F568896CF2F2}.Release|Any CPU.Build.0 = Release|Any CPU
		{E477FDCE-5F05-400E-B2F3-F568896CF2F2}.Release|Mixed Platforms.ActiveCfg = Release|Any CPU
		{E477FDCE-5F05-400E-B2F3-F568896CF2F2}.Release|Mixed Platforms.Build.0 = Release|Any CPU
		{E477FDCE-5F05-400E-B2F3-F568896CF2F2}.Release|x86.ActiveCfg = Release|Any CPU
		{57BA28AD-F5B7-482F-83F7-DBCAEE0817CE}.Debug|Any CPU.ActiveCfg = Debug|Any CPU
		{57BA28AD-F5B7-482F-83F7-DBCAEE0817CE}.Debug|Any CPU.Build.0 = Debug|Any CPU
		{57BA28AD-F5B7-482F-83F7-DBCAEE0817CE}.Debug|Mixed Platforms.ActiveCfg = Debug|Any CPU
		{57BA28AD-F5B7-482F-83F7-DBCAEE0817CE}.Debug|Mixed Platforms.Build.0 = Debug|Any CPU
		{57BA28AD-F5B7-482F-83F7-DBCAEE0817CE}.Debug|x86.ActiveCfg = Debug|Any CPU
		{57BA28AD-F5B7-482F-83F7-DBCAEE0817CE}.Release|Any CPU.ActiveCfg = Release|Any CPU
		{57BA28AD-F5B7-482F-83F7-DBCAEE0817CE}.Release|Any CPU.Build.0 = Release|Any CPU
		{57BA28AD-F5B7-482F-83F7-DBCAEE0817CE}.Release|Mixed Platforms.ActiveCfg = Release|Any CPU
		{57BA28AD-F5B7-482F-83F7-DBCAEE0817CE}.Release|Mixed Platforms.Build.0 = Release|Any CPU
		{57BA28AD-F5B7-482F-83F7-DBCAEE0817CE}.Release|x86.ActiveCfg = Release|Any CPU
		{4C897D61-CAE7-457B-B8BA-F50E3976012C}.Debug|Any CPU.ActiveCfg = Debug|Any CPU
		{4C897D61-CAE7-457B-B8BA-F50E3976012C}.Debug|Any CPU.Build.0 = Debug|Any CPU
		{4C897D61-CAE7-457B-B8BA-F50E3976012C}.Debug|Mixed Platforms.ActiveCfg = Debug|Any CPU
		{4C897D61-CAE7-457B-B8BA-F50E3976012C}.Debug|Mixed Platforms.Build.0 = Debug|Any CPU
		{4C897D61-CAE7-457B-B8BA-F50E3976012C}.Debug|x86.ActiveCfg = Debug|Any CPU
		{4C897D61-CAE7-457B-B8BA-F50E3976012C}.Release|Any CPU.ActiveCfg = Release|Any CPU
		{4C897D61-CAE7-457B-B8BA-F50E3976012C}.Release|Any CPU.Build.0 = Release|Any CPU
		{4C897D61-CAE7-457B-B8BA-F50E3976012C}.Release|Mixed Platforms.ActiveCfg = Release|Any CPU
		{4C897D61-CAE7-457B-B8BA-F50E3976012C}.Release|Mixed Platforms.Build.0 = Release|Any CPU
		{4C897D61-CAE7-457B-B8BA-F50E3976012C}.Release|x86.ActiveCfg = Release|Any CPU
		{AF9A9F79-1218-474B-A783-01EB29D8B2EE}.Debug|Any CPU.ActiveCfg = Debug|x86
		{AF9A9F79-1218-474B-A783-01EB29D8B2EE}.Debug|Mixed Platforms.ActiveCfg = Debug|x86
		{AF9A9F79-1218-474B-A783-01EB29D8B2EE}.Debug|Mixed Platforms.Build.0 = Debug|x86
		{AF9A9F79-1218-474B-A783-01EB29D8B2EE}.Debug|x86.ActiveCfg = Debug|x86
		{AF9A9F79-1218-474B-A783-01EB29D8B2EE}.Debug|x86.Build.0 = Debug|x86
		{AF9A9F79-1218-474B-A783-01EB29D8B2EE}.Release|Any CPU.ActiveCfg = Release|x86
		{AF9A9F79-1218-474B-A783-01EB29D8B2EE}.Release|Mixed Platforms.ActiveCfg = Release|x86
		{AF9A9F79-1218-474B-A783-01EB29D8B2EE}.Release|Mixed Platforms.Build.0 = Release|x86
		{AF9A9F79-1218-474B-A783-01EB29D8B2EE}.Release|x86.ActiveCfg = Release|x86
		{AF9A9F79-1218-474B-A783-01EB29D8B2EE}.Release|x86.Build.0 = Release|x86
	EndGlobalSection
	GlobalSection(SolutionProperties) = preSolution
		HideSolutionNode = FALSE
	EndGlobalSection
EndGlobal
